<?xml version="1.0" encoding="utf-8"?>
<Project ToolsVersion="4.0" xmlns="http://schemas.microsoft.com/developer/msbuild/2003">
  <ItemGroup>
    <Filter Include="源文件">
      <UniqueIdentifier>{4FC737F1-C7A5-4376-A066-2A32D752A2FF}</UniqueIdentifier>
      <Extensions>cpp;c;cc;cxx;def;odl;idl;hpj;bat;asm;asmx</Extensions>
    </Filter>
    <Filter Include="头文件">
      <UniqueIdentifier>{93995380-89BD-4b04-88EB-625FBE52EBFB}</UniqueIdentifier>
      <Extensions>h;hpp;hxx;hm;inl;inc;xsd</Extensions>
    </Filter>
    <Filter Include="资源文件">
      <UniqueIdentifier>{67DA6AB6-F800-4c08-8B7A-83BB121AAD01}</UniqueIdentifier>
      <Extensions>rc;ico;cur;bmp;dlg;rc2;rct;bin;rgs;gif;jpg;jpeg;jpe;resx;tiff;tif;png;wav;mfcribbon-ms</Extensions>
    </Filter>
  </ItemGroup>
  <ItemGroup>
    <None Include="ReadMe.txt" />
    <None Include="res\facebz.rc2">
      <Filter>资源文件</Filter>
    </None>
    <None Include="res\facebz.ico">
      <Filter>资源文件</Filter>
    </None>
    <None Include="res\pic.bmp">
      <Filter>资源文件</Filter>
    </None>
    <None Include="resource.hm">
      <Filter>头文件</Filter>
    </None>
    <None Include="res\WisdomLabel.ico">
      <Filter>资源文件</Filter>
    </None>
  </ItemGroup>
  <ItemGroup>
    <ClInclude Include="stdafx.h">
      <Filter>头文件</Filter>
    </ClInclude>
    <ClInclude Include="targetver.h">
      <Filter>头文件</Filter>
    </ClInclude>
    <ClInclude Include="Resource.h">
      <Filter>头文件</Filter>
    </ClInclude>
    <ClInclude Include="DxLxDlg.h">
      <Filter>头文件</Filter>
    </ClInclude>
    <ClInclude Include="LabListCtrl.h">
      <Filter>头文件</Filter>
    </ClInclude>
    <ClInclude Include="IconListCtrl.h">
      <Filter>头文件</Filter>
    </ClInclude>
    <ClInclude Include="FRect.h">
      <Filter>头文件</Filter>
    </ClInclude>
    <ClInclude Include="PicEnlargeDlg.h">
      <Filter>头文件</Filter>
    </ClInclude>
    <ClInclude Include="ScaleEnlargeDlg.h">
      <Filter>头文件</Filter>
    </ClInclude>
    <ClInclude Include="explorer3.h">
      <Filter>头文件</Filter>
    </ClInclude>
    <ClInclude Include="Video2JpgSetting.h">
      <Filter>头文件</Filter>
    </ClInclude>
    <ClInclude Include="Video2JpgSetting2.h">
      <Filter>头文件</Filter>
    </ClInclude>
    <ClInclude Include="RotateSettingDlg.h">
      <Filter>头文件</Filter>
    </ClInclude>
    <ClInclude Include="stb_image.h">
      <Filter>头文件</Filter>
    </ClInclude>
    <ClInclude Include="LabeCropDlg.h">
      <Filter>头文件</Filter>
    </ClInclude>
    <ClInclude Include="TextDlg.h">
      <Filter>头文件</Filter>
    </ClInclude>
    <ClInclude Include="Text2Dlg.h">
      <Filter>头文件</Filter>
    </ClInclude>
    <ClInclude Include="MTextDlg.h">
      <Filter>头文件</Filter>
    </ClInclude>
    <ClInclude Include="PicListCtrl.h">
      <Filter>头文件</Filter>
    </ClInclude>
    <ClInclude Include="convert.h">
      <Filter>头文件</Filter>
    </ClInclude>
    <ClInclude Include="SelectBtn.h">
      <Filter>头文件</Filter>
    </ClInclude>
    <ClInclude Include="KjjDlg.h">
      <Filter>头文件</Filter>
    </ClInclude>
    <ClInclude Include="Com.h">
      <Filter>头文件</Filter>
    </ClInclude>
    <ClInclude Include="stdbool.h">
      <Filter>头文件</Filter>
    </ClInclude>
    <ClInclude Include="WisdomLabelDlg.h">
      <Filter>头文件</Filter>
    </ClInclude>
    <ClInclude Include="WisdomLabel.h">
      <Filter>头文件</Filter>
    </ClInclude>
  </ItemGroup>
  <ItemGroup>
    <ClCompile Include="stdafx.cpp">
      <Filter>源文件</Filter>
    </ClCompile>
    <ClCompile Include="DxLxDlg.cpp">
      <Filter>源文件</Filter>
    </ClCompile>
    <ClCompile Include="LabListCtrl.cpp">
      <Filter>源文件</Filter>
    </ClCompile>
    <ClCompile Include="IconListCtrl.cpp">
      <Filter>源文件</Filter>
    </ClCompile>
    <ClCompile Include="FRect.cpp">
      <Filter>源文件</Filter>
    </ClCompile>
    <ClCompile Include="PicEnlargeDlg.cpp">
      <Filter>源文件</Filter>
    </ClCompile>
    <ClCompile Include="ScaleEnlargeDlg.cpp">
      <Filter>源文件</Filter>
    </ClCompile>
    <ClCompile Include="explorer3.cpp">
      <Filter>源文件</Filter>
    </ClCompile>
    <ClCompile Include="Video2JpgSetting.cpp">
      <Filter>源文件</Filter>
    </ClCompile>
    <ClCompile Include="Video2JpgSetting2.cpp">
      <Filter>源文件</Filter>
    </ClCompile>
    <ClCompile Include="RotateSettingDlg.cpp">
      <Filter>源文件</Filter>
    </ClCompile>
    <ClCompile Include="LabeCropDlg.cpp">
      <Filter>源文件</Filter>
    </ClCompile>
    <ClCompile Include="TextDlg.cpp">
      <Filter>源文件</Filter>
    </ClCompile>
    <ClCompile Include="Text2Dlg.cpp">
      <Filter>源文件</Filter>
    </ClCompile>
    <ClCompile Include="MTextDlg.cpp">
      <Filter>源文件</Filter>
    </ClCompile>
    <ClCompile Include="PicListCtrl.cpp">
      <Filter>源文件</Filter>
    </ClCompile>
    <ClCompile Include="convert.cpp">
      <Filter>源文件</Filter>
    </ClCompile>
    <ClCompile Include="SelectBtn.cpp">
      <Filter>源文件</Filter>
    </ClCompile>
    <ClCompile Include="KjjDlg.cpp">
      <Filter>源文件</Filter>
    </ClCompile>
    <ClCompile Include="WisdomLabelDlg.cpp">
      <Filter>源文件</Filter>
    </ClCompile>
    <ClCompile Include="WisdomLabel.cpp">
      <Filter>源文件</Filter>
    </ClCompile>
  </ItemGroup>
  <ItemGroup>
    <ResourceCompile Include="facebz.rc">
      <Filter>资源文件</Filter>
    </ResourceCompile>
  </ItemGroup>
</Project>